
Microsoft Visual Studio Solution File, Format Version 12.00
# Visual Studio Version 16
VisualStudioVersion = 16.0.30011.22
MinimumVisualStudioVersion = 10.0.40219.1
Project("{FAE04EC0-301F-11D3-BF4B-00C04F79EFBC}") = "youtube-dl-gui", "youtube-dl-gui\youtube-dl-gui.csproj", "{0E92B5F0-4F12-4258-BB35-E0475A4120B8}"
EndProject
Global
	GlobalSection(SolutionConfigurationPlatforms) = preSolution
		AzurePipeline|Any CPU = AzurePipeline|Any CPU
		Debug|Any CPU = Debug|Any CPU
		Release|Any CPU = Release|Any CPU
	EndGlobalSection
	GlobalSection(ProjectConfigurationPlatforms) = postSolution
		{0E92B5F0-4F12-4258-BB35-E0475A4120B8}.AzurePipeline|Any CPU.ActiveCfg = AzurePipeline|Any CPU
		{0E92B5F0-4F12-4258-BB35-E0475A4120B8}.AzurePipeline|Any CPU.Build.0 = AzurePipeline|Any CPU
		{0E92B5F0-4F12-4258-BB35-E0475A4120B8}.Debug|Any CPU.ActiveCfg = Debug|Any CPU
		{0E92B5F0-4F12-4258-BB35-E0475A4120B8}.Debug|Any CPU.Build.0 = Debug|Any CPU
		{0E92B5F0-4F12-4258-BB35-E0475A4120B8}.Release|Any CPU.ActiveCfg = Release|Any CPU
		{0E92B5F0-4F12-4258-BB35-E0475A4120B8}.Release|Any CPU.Build.0 = Release|Any CPU
	EndGlobalSection
	GlobalSection(SolutionProperties) = preSolution
		HideSolutionNode = FALSE
	EndGlobalSection
	GlobalSection(ExtensibilityGlobals) = postSolution
		SolutionGuid = {A3356A4F-1787-4047-BAC2-CA77BA7AD02D}
	EndGlobalSection
EndGlobal
